# @generated - this file is auto-generated by `mise lock` https://mise.en.dev/dev-tools/mise-lock.html

[[tools.1password-cli]]
version = "2.30.3"
backend = "vfox:1password-cli"

[tools.1password-cli."platforms.linux-arm64"]
url = "https://cache.agilebits.com/dist/1P/op2/pkg/v2.30.3/op_linux_arm64_v2.30.3.zip"

[tools.1password-cli."platforms.linux-arm64-musl"]
url = "https://cache.agilebits.com/dist/1P/op2/pkg/v2.30.3/op_linux_arm64_v2.30.3.zip"

[tools.1password-cli."platforms.linux-x64"]
url = "https://cache.agilebits.com/dist/1P/op2/pkg/v2.30.3/op_linux_amd64_v2.30.3.zip"

[tools.1password-cli."platforms.linux-x64-musl"]
url = "https://cache.agilebits.com/dist/1P/op2/pkg/v2.30.3/op_linux_amd64_v2.30.3.zip"

[tools.1password-cli."platforms.macos-arm64"]
url = "https://cache.agilebits.com/dist/1P/op2/pkg/v2.30.3/op_darwin_arm64_v2.30.3.zip"

[tools.1password-cli."platforms.macos-x64"]
url = "https://cache.agilebits.com/dist/1P/op2/pkg/v2.30.3/op_darwin_amd64_v2.30.3.zip"

[tools.1password-cli."platforms.windows-x64"]
url = "https://cache.agilebits.com/dist/1P/op2/pkg/v2.30.3/op_windows_amd64_v2.30.3.zip"

[[tools.elixir]]
version = "1.18.3-otp-27"
backend = "core:elixir"

[tools.elixir."platforms.linux-x64"]
checksum = "blake3:9bd677a2e9f4b89c891baf1eb821686668b83bc5bae631a250f56c044c2e2bcf"

[[tools.erlang]]
version = "27.3.3"
backend = "core:erlang"

[[tools.flyctl]]
version = "0.3.114"
backend = "aqua:superfly/flyctl"

[tools.flyctl."platforms.linux-arm64"]
checksum = "sha256:08f1231deb746f8c81a243b675acdb8e823ed6a0ab8b681e3cbc3b70742b84f3"
url = "https://github.com/superfly/flyctl/releases/download/v0.3.114/flyctl_0.3.114_Linux_arm64.tar.gz"

[tools.flyctl."platforms.linux-arm64-musl"]
checksum = "sha256:08f1231deb746f8c81a243b675acdb8e823ed6a0ab8b681e3cbc3b70742b84f3"
url = "https://github.com/superfly/flyctl/releases/download/v0.3.114/flyctl_0.3.114_Linux_arm64.tar.gz"

[tools.flyctl."platforms.linux-x64"]
checksum = "sha256:a2df37430b33b2f2e1e97170e6104a8c5e558b7eb9915a2a1a9f441fd5608aa0"
url = "https://github.com/superfly/flyctl/releases/download/v0.3.114/flyctl_0.3.114_Linux_x86_64.tar.gz"

[tools.flyctl."platforms.linux-x64-musl"]
checksum = "sha256:a2df37430b33b2f2e1e97170e6104a8c5e558b7eb9915a2a1a9f441fd5608aa0"
url = "https://github.com/superfly/flyctl/releases/download/v0.3.114/flyctl_0.3.114_Linux_x86_64.tar.gz"

[tools.flyctl."platforms.macos-arm64"]
checksum = "sha256:8cfe76acd89fa39a0a7715affd9e4dd2f2b1b163073fab41017f047f3dcb36da"
url = "https://github.com/superfly/flyctl/releases/download/v0.3.114/flyctl_0.3.114_macOS_arm64.tar.gz"

[tools.flyctl."platforms.macos-x64"]
checksum = "sha256:4bd2a80f8fac1867e3a2ef42131d0e6c348bd18a3b0ba38d1afad863e76a5cbf"
url = "https://github.com/superfly/flyctl/releases/download/v0.3.114/flyctl_0.3.114_macOS_x86_64.tar.gz"

[tools.flyctl."platforms.windows-x64"]
checksum = "sha256:1d28d41c2ab38113aed2edbbfbad0daf42e7a2df2c0230d894550396530f519e"
url = "https://github.com/superfly/flyctl/releases/download/v0.3.114/flyctl_0.3.114_Windows_x86_64.zip"

[[tools.fnox]]
version = "1.23.1"
backend = "github:jdx/fnox"

[tools.fnox."platforms.linux-arm64"]
checksum = "sha256:de4c06fc8851ad4be8109d077d0362ee8603ae0aac0cbffb715ac89e2238f2c4"
url = "https://github.com/jdx/fnox/releases/download/v1.23.1/fnox-aarch64-unknown-linux-gnu.tar.gz"
url_api = "https://api.github.com/repos/jdx/fnox/releases/assets/410690612"

[tools.fnox."platforms.linux-arm64-musl"]
checksum = "sha256:c7a9c2e80346e7ebb175a033856549c3bbefe7fafda3d34fca3f5cd33dc2a9f3"
url = "https://github.com/jdx/fnox/releases/download/v1.23.1/fnox-aarch64-unknown-linux-musl.tar.gz"
url_api = "https://api.github.com/repos/jdx/fnox/releases/assets/410690611"

[tools.fnox."platforms.linux-x64"]
checksum = "sha256:021c4fe683e109b616a4b936117c60e63f351b4000bd0999f0110f3088fc7f58"
url = "https://github.com/jdx/fnox/releases/download/v1.23.1/fnox-x86_64-unknown-linux-gnu.tar.gz"
url_api = "https://api.github.com/repos/jdx/fnox/releases/assets/410690622"
provenance = "github-attestations"

[tools.fnox."platforms.linux-x64-musl"]
checksum = "sha256:8c78f965d5e655c3ea025551baf8d19c2e588ed9911b706deb6a7211bfbc7b9a"
url = "https://github.com/jdx/fnox/releases/download/v1.23.1/fnox-x86_64-unknown-linux-musl.tar.gz"
url_api = "https://api.github.com/repos/jdx/fnox/releases/assets/410690624"

[tools.fnox."platforms.macos-arm64"]
checksum = "sha256:f92d60ee4bb669b97a500f000fe053f92f7cbf0817ed4678e5b0f506d1357dd6"
url = "https://github.com/jdx/fnox/releases/download/v1.23.1/fnox-aarch64-apple-darwin.tar.gz"
url_api = "https://api.github.com/repos/jdx/fnox/releases/assets/410690610"

[tools.fnox."platforms.macos-x64"]
checksum = "sha256:0b09405d648387a163d3f21be3e88972332d3fa04e5db55955726890a3f22877"
url = "https://github.com/jdx/fnox/releases/download/v1.23.1/fnox-x86_64-apple-darwin.tar.gz"
url_api = "https://api.github.com/repos/jdx/fnox/releases/assets/410690609"

[tools.fnox."platforms.windows-x64"]
checksum = "sha256:ea8b2569d8667c7644a25efd22546aff9dc1ac4eeb62c9c1dd4469e5f2bb34ff"
url = "https://github.com/jdx/fnox/releases/download/v1.23.1/fnox-x86_64-pc-windows-msvc.zip"
url_api = "https://api.github.com/repos/jdx/fnox/releases/assets/410690623"

[[tools.go]]
version = "1.22.12"
backend = "core:go"

[tools.go."platforms.linux-arm64"]
checksum = "sha256:fd017e647ec28525e86ae8203236e0653242722a7436929b1f775744e26278e7"
url = "https://dl.google.com/go/go1.22.12.linux-arm64.tar.gz"

[tools.go."platforms.linux-arm64-musl"]
checksum = "sha256:fd017e647ec28525e86ae8203236e0653242722a7436929b1f775744e26278e7"
url = "https://dl.google.com/go/go1.22.12.linux-arm64.tar.gz"

[tools.go."platforms.linux-x64"]
checksum = "sha256:4fa4f869b0f7fc6bb1eb2660e74657fbf04cdd290b5aef905585c86051b34d43"
url = "https://dl.google.com/go/go1.22.12.linux-amd64.tar.gz"

[tools.go."platforms.linux-x64-musl"]
checksum = "sha256:4fa4f869b0f7fc6bb1eb2660e74657fbf04cdd290b5aef905585c86051b34d43"
url = "https://dl.google.com/go/go1.22.12.linux-amd64.tar.gz"

[tools.go."platforms.macos-arm64"]
checksum = "sha256:416c35218edb9d20990b5d8fc87be655d8b39926f15524ea35c66ee70273050d"
url = "https://dl.google.com/go/go1.22.12.darwin-arm64.tar.gz"

[tools.go."platforms.macos-x64"]
checksum = "sha256:e7bbe07e96f0bd3df04225090fe1e7852ed33af37c43a23e16edbbb3b90a5b7c"
url = "https://dl.google.com/go/go1.22.12.darwin-amd64.tar.gz"

[tools.go."platforms.windows-x64"]
checksum = "sha256:2ceda04074eac51f4b0b85a9fcca38bcd49daee24bed9ea1f29958a8e22673a6"
url = "https://dl.google.com/go/go1.22.12.windows-amd64.zip"

[[tools.node]]
version = "23.8.0"
backend = "core:node"

[tools.node."platforms.linux-arm64"]
checksum = "sha256:d603dcce61cd8f27440bd0cdb2688f5963a7ac6cd0f425e5c9ae8c93cfaaa134"
url = "https://nodejs.org/dist/v23.8.0/node-v23.8.0-linux-arm64.tar.gz"

[tools.node."platforms.linux-arm64-musl"]
checksum = "sha256:d603dcce61cd8f27440bd0cdb2688f5963a7ac6cd0f425e5c9ae8c93cfaaa134"
url = "https://nodejs.org/dist/v23.8.0/node-v23.8.0-linux-arm64.tar.gz"

[tools.node."platforms.linux-x64"]
checksum = "sha256:f6d98bbdd0a4078c1e422a6a1d8bf07ad693a4dd793bb5772990456faeca6e95"
url = "https://nodejs.org/dist/v23.8.0/node-v23.8.0-linux-x64.tar.gz"

[tools.node."platforms.linux-x64-musl"]
checksum = "sha256:f6d98bbdd0a4078c1e422a6a1d8bf07ad693a4dd793bb5772990456faeca6e95"
url = "https://nodejs.org/dist/v23.8.0/node-v23.8.0-linux-x64.tar.gz"

[tools.node."platforms.macos-arm64"]
checksum = "sha256:7c3bb4ccfd558f5cc12ffb81df795c5960e429088feb1ae650fa2ae65418858a"
url = "https://nodejs.org/dist/v23.8.0/node-v23.8.0-darwin-arm64.tar.gz"

[tools.node."platforms.macos-x64"]
checksum = "sha256:a4c93b517d51d368248e9fddd20bc46ba1f6081df2a55d267a33015a4ab31886"
url = "https://nodejs.org/dist/v23.8.0/node-v23.8.0-darwin-x64.tar.gz"

[tools.node."platforms.windows-x64"]
checksum = "sha256:9e03646224fcf44fa0b594df5d012da9cb5b137c52f36f33b11def3319cd132c"
url = "https://nodejs.org/dist/v23.8.0/node-v23.8.0-win-x64.zip"

[[tools."npm:neonctl"]]
version = "2.22.0"
backend = "npm:neonctl"

[[tools.yarn]]
version = "1.22.22"
backend = "vfox:mise-plugins/vfox-yarn"

[tools.yarn."platforms.linux-arm64"]
url = "https://classic.yarnpkg.com/downloads/1.22.22/yarn-v1.22.22.tar.gz"

[tools.yarn."platforms.linux-arm64-musl"]
url = "https://classic.yarnpkg.com/downloads/1.22.22/yarn-v1.22.22.tar.gz"

[tools.yarn."platforms.linux-x64"]
url = "https://classic.yarnpkg.com/downloads/1.22.22/yarn-v1.22.22.tar.gz"

[tools.yarn."platforms.linux-x64-musl"]
url = "https://classic.yarnpkg.com/downloads/1.22.22/yarn-v1.22.22.tar.gz"

[tools.yarn."platforms.macos-arm64"]
url = "https://classic.yarnpkg.com/downloads/1.22.22/yarn-v1.22.22.tar.gz"

[tools.yarn."platforms.macos-x64"]
url = "https://classic.yarnpkg.com/downloads/1.22.22/yarn-v1.22.22.tar.gz"

[tools.yarn."platforms.windows-x64"]
url = "https://classic.yarnpkg.com/downloads/1.22.22/yarn-v1.22.22.tar.gz"
