# @generated - this file is auto-generated by `mise lock` https://mise.en.dev/dev-tools/mise-lock.html

[[tools.1password-cli]]
version = "2.34.0"
backend = "vfox:1password-cli"

[tools.1password-cli."platforms.linux-arm64"]
url = "https://cache.agilebits.com/dist/1P/op2/pkg/v2.34.0/op_linux_arm64_v2.34.0.zip"

[tools.1password-cli."platforms.linux-arm64-musl"]
url = "https://cache.agilebits.com/dist/1P/op2/pkg/v2.34.0/op_linux_arm64_v2.34.0.zip"

[tools.1password-cli."platforms.linux-x64"]
url = "https://cache.agilebits.com/dist/1P/op2/pkg/v2.34.0/op_linux_amd64_v2.34.0.zip"

[tools.1password-cli."platforms.linux-x64-musl"]
url = "https://cache.agilebits.com/dist/1P/op2/pkg/v2.34.0/op_linux_amd64_v2.34.0.zip"

[tools.1password-cli."platforms.macos-arm64"]
url = "https://cache.agilebits.com/dist/1P/op2/pkg/v2.34.0/op_darwin_arm64_v2.34.0.zip"

[tools.1password-cli."platforms.macos-x64"]
url = "https://cache.agilebits.com/dist/1P/op2/pkg/v2.34.0/op_darwin_amd64_v2.34.0.zip"

[tools.1password-cli."platforms.windows-x64"]
url = "https://cache.agilebits.com/dist/1P/op2/pkg/v2.34.0/op_windows_amd64_v2.34.0.zip"

[[tools.elixir]]
version = "1.18.3-otp-27"
backend = "core:elixir"

[[tools.erlang]]
version = "27.3.3"
backend = "core:erlang"

[[tools.flyctl]]
version = "0.3.114"
backend = "aqua:superfly/flyctl"

[tools.flyctl."platforms.linux-arm64"]
checksum = "sha256:08f1231deb746f8c81a243b675acdb8e823ed6a0ab8b681e3cbc3b70742b84f3"
url = "https://github.com/superfly/flyctl/releases/download/v0.3.114/flyctl_0.3.114_Linux_arm64.tar.gz"

[tools.flyctl."platforms.linux-arm64-musl"]
checksum = "sha256:08f1231deb746f8c81a243b675acdb8e823ed6a0ab8b681e3cbc3b70742b84f3"
url = "https://github.com/superfly/flyctl/releases/download/v0.3.114/flyctl_0.3.114_Linux_arm64.tar.gz"

[tools.flyctl."platforms.linux-x64"]
checksum = "sha256:a2df37430b33b2f2e1e97170e6104a8c5e558b7eb9915a2a1a9f441fd5608aa0"
url = "https://github.com/superfly/flyctl/releases/download/v0.3.114/flyctl_0.3.114_Linux_x86_64.tar.gz"

[tools.flyctl."platforms.linux-x64-musl"]
checksum = "sha256:a2df37430b33b2f2e1e97170e6104a8c5e558b7eb9915a2a1a9f441fd5608aa0"
url = "https://github.com/superfly/flyctl/releases/download/v0.3.114/flyctl_0.3.114_Linux_x86_64.tar.gz"

[tools.flyctl."platforms.macos-arm64"]
checksum = "sha256:8cfe76acd89fa39a0a7715affd9e4dd2f2b1b163073fab41017f047f3dcb36da"
url = "https://github.com/superfly/flyctl/releases/download/v0.3.114/flyctl_0.3.114_macOS_arm64.tar.gz"

[tools.flyctl."platforms.macos-x64"]
checksum = "sha256:4bd2a80f8fac1867e3a2ef42131d0e6c348bd18a3b0ba38d1afad863e76a5cbf"
url = "https://github.com/superfly/flyctl/releases/download/v0.3.114/flyctl_0.3.114_macOS_x86_64.tar.gz"

[tools.flyctl."platforms.windows-x64"]
checksum = "sha256:1d28d41c2ab38113aed2edbbfbad0daf42e7a2df2c0230d894550396530f519e"
url = "https://github.com/superfly/flyctl/releases/download/v0.3.114/flyctl_0.3.114_Windows_x86_64.zip"

[[tools.fnox]]
version = "1.25.1"
backend = "github:jdx/fnox"

[tools.fnox."platforms.linux-arm64"]
checksum = "sha256:fc37354b449e93cf6a15a18c15b58b27f4304ac532559b447e88b7f4e03eea83"
url = "https://github.com/jdx/fnox/releases/download/v1.25.1/fnox-aarch64-unknown-linux-gnu.tar.gz"
url_api = "https://api.github.com/repos/jdx/fnox/releases/assets/422647955"
provenance = "github-attestations"

[tools.fnox."platforms.linux-arm64-musl"]
checksum = "sha256:1e5e902a941d3a7eea262699d0f7169da5e5d06155c2f82def0baff086f9d3a4"
url = "https://github.com/jdx/fnox/releases/download/v1.25.1/fnox-aarch64-unknown-linux-musl.tar.gz"
url_api = "https://api.github.com/repos/jdx/fnox/releases/assets/422647954"
provenance = "github-attestations"

[tools.fnox."platforms.linux-x64"]
checksum = "sha256:157a3ade234eec5b8a57dfc2ae5e3ac40f1871a5fd8affac94131d91ca60023b"
url = "https://github.com/jdx/fnox/releases/download/v1.25.1/fnox-x86_64-unknown-linux-gnu.tar.gz"
url_api = "https://api.github.com/repos/jdx/fnox/releases/assets/422647964"
provenance = "github-attestations"

[tools.fnox."platforms.linux-x64-musl"]
checksum = "sha256:9bb4f563a65ba89e5a6759e95658eafbd1e32d8bd8cb1bf72fc5ff652566eaf5"
url = "https://github.com/jdx/fnox/releases/download/v1.25.1/fnox-x86_64-unknown-linux-musl.tar.gz"
url_api = "https://api.github.com/repos/jdx/fnox/releases/assets/422647965"
provenance = "github-attestations"

[tools.fnox."platforms.macos-arm64"]
checksum = "sha256:39d1f8cc620d3784f1b4c0127a0cf404f97d35ac4233656d36891d80c77cd147"
url = "https://github.com/jdx/fnox/releases/download/v1.25.1/fnox-aarch64-apple-darwin.tar.gz"
url_api = "https://api.github.com/repos/jdx/fnox/releases/assets/422647956"
provenance = "github-attestations"

[tools.fnox."platforms.macos-x64"]
checksum = "sha256:82ff6c5a8431a0f7d2d7c0d1c9c29c9ead860ef1bfbdd18e818b3c24bcde44cb"
url = "https://github.com/jdx/fnox/releases/download/v1.25.1/fnox-x86_64-apple-darwin.tar.gz"
url_api = "https://api.github.com/repos/jdx/fnox/releases/assets/422647953"
provenance = "github-attestations"

[tools.fnox."platforms.windows-x64"]
checksum = "sha256:e2874ecb0bb39816d1e5af60a920875bba5831182a46dad629a206bfcc4cb5bb"
url = "https://github.com/jdx/fnox/releases/download/v1.25.1/fnox-x86_64-pc-windows-msvc.zip"
url_api = "https://api.github.com/repos/jdx/fnox/releases/assets/422647962"
provenance = "github-attestations"

[[tools.gh]]
version = "2.93.0"
backend = "aqua:cli/cli"

[tools.gh."platforms.linux-arm64"]
checksum = "sha256:c55feb33684abba57e9909737340d5b39282257c0363e1edde6785ac4a413be7"
url = "https://github.com/cli/cli/releases/download/v2.93.0/gh_2.93.0_linux_arm64.tar.gz"
provenance = "github-attestations"

[tools.gh."platforms.linux-arm64-musl"]
checksum = "sha256:c55feb33684abba57e9909737340d5b39282257c0363e1edde6785ac4a413be7"
url = "https://github.com/cli/cli/releases/download/v2.93.0/gh_2.93.0_linux_arm64.tar.gz"
provenance = "github-attestations"

[tools.gh."platforms.linux-x64"]
checksum = "sha256:02d1290eba130e0b896f3709ffff22e1c75a51475ddb70476a85abc6b5807af0"
url = "https://github.com/cli/cli/releases/download/v2.93.0/gh_2.93.0_linux_amd64.tar.gz"
provenance = "github-attestations"

[tools.gh."platforms.linux-x64-musl"]
checksum = "sha256:02d1290eba130e0b896f3709ffff22e1c75a51475ddb70476a85abc6b5807af0"
url = "https://github.com/cli/cli/releases/download/v2.93.0/gh_2.93.0_linux_amd64.tar.gz"
provenance = "github-attestations"

[tools.gh."platforms.macos-arm64"]
checksum = "sha256:a86be4e0a86c26456cf71177d6572d6f1165cf1679e532b72f7f15918ee51fd2"
url = "https://github.com/cli/cli/releases/download/v2.93.0/gh_2.93.0_macOS_arm64.zip"
provenance = "github-attestations"

[tools.gh."platforms.macos-x64"]
checksum = "sha256:009425b9d175c482037fe25181817fd6b1ea3ae1f51cfae0e18f29f33d3152ac"
url = "https://github.com/cli/cli/releases/download/v2.93.0/gh_2.93.0_macOS_amd64.zip"
provenance = "github-attestations"

[tools.gh."platforms.windows-x64"]
checksum = "sha256:77aa01ed7317295ad550de0ad04f3f276b1ef0e9272e3d002ac28dd99853d211"
url = "https://github.com/cli/cli/releases/download/v2.93.0/gh_2.93.0_windows_amd64.zip"
provenance = "github-attestations"

[[tools.node]]
version = "22.22.3"
backend = "core:node"

[tools.node."platforms.linux-arm64"]
checksum = "sha256:cc8bc82b2dd0b595c3b95a4c3c9c8c350907cff011afbdee3d1379e812e1e3e3"
url = "https://nodejs.org/dist/v22.22.3/node-v22.22.3-linux-arm64.tar.gz"

[tools.node."platforms.linux-arm64-musl"]
checksum = "sha256:09c87acbafae65e18fcc0eb188376c1254cab74dc769118f4b60479c5fa326cf"
url = "https://unofficial-builds.nodejs.org/download/release/v22.22.3/node-v22.22.3-linux-arm64-musl.tar.gz"

[tools.node."platforms.linux-x64"]
checksum = "sha256:c7a10d6816da8eaaa7534dd73c71c6e2b2c391dbbf845e364902d156615dd1b8"
url = "https://nodejs.org/dist/v22.22.3/node-v22.22.3-linux-x64.tar.gz"

[tools.node."platforms.linux-x64-musl"]
checksum = "sha256:d227692583d6ae17c44028fd8f17cb1b3672167a6baa035818240cbb9db6ea4a"
url = "https://unofficial-builds.nodejs.org/download/release/v22.22.3/node-v22.22.3-linux-x64-musl.tar.gz"

[tools.node."platforms.macos-arm64"]
checksum = "sha256:0da7ff74ef8611328c8212f17943368713a2ad953fb7d89a8c8a0eae87c23207"
url = "https://nodejs.org/dist/v22.22.3/node-v22.22.3-darwin-arm64.tar.gz"

[tools.node."platforms.macos-x64"]
checksum = "sha256:45830ba752fa0d892c6dcd640946669801293cac820a33591ded40ac075198ec"
url = "https://nodejs.org/dist/v22.22.3/node-v22.22.3-darwin-x64.tar.gz"

[tools.node."platforms.windows-x64"]
checksum = "sha256:6c8d54f635feff4df76c2ca80f45332eb2ff57d25226edce36592e51a177ee33"
url = "https://nodejs.org/dist/v22.22.3/node-v22.22.3-win-x64.zip"

[[tools."npm:neonctl"]]
version = "2.22.0"
backend = "npm:neonctl"

[[tools.yarn]]
version = "1.22.22"
backend = "vfox:mise-plugins/vfox-yarn"

[tools.yarn."platforms.linux-arm64"]
url = "https://classic.yarnpkg.com/downloads/1.22.22/yarn-v1.22.22.tar.gz"

[tools.yarn."platforms.linux-arm64-musl"]
url = "https://classic.yarnpkg.com/downloads/1.22.22/yarn-v1.22.22.tar.gz"

[tools.yarn."platforms.linux-x64"]
url = "https://classic.yarnpkg.com/downloads/1.22.22/yarn-v1.22.22.tar.gz"

[tools.yarn."platforms.linux-x64-musl"]
url = "https://classic.yarnpkg.com/downloads/1.22.22/yarn-v1.22.22.tar.gz"

[tools.yarn."platforms.macos-arm64"]
url = "https://classic.yarnpkg.com/downloads/1.22.22/yarn-v1.22.22.tar.gz"

[tools.yarn."platforms.macos-x64"]
url = "https://classic.yarnpkg.com/downloads/1.22.22/yarn-v1.22.22.tar.gz"

[tools.yarn."platforms.windows-x64"]
url = "https://classic.yarnpkg.com/downloads/1.22.22/yarn-v1.22.22.tar.gz"
