%{
  "algolia": {:hex, :algolia, "0.8.0", "8e2197f555b87910644727c0e559fea955f8abb634882e425ebeb4ff48c88c7c", [:mix], [{:hackney, "~> 1.9 or ~> 1.10", [hex: :hackney, repo: "hexpm", optional: false]}, {:jason, "~> 1.0", [hex: :jason, repo: "hexpm", optional: false]}], "hexpm", "ca2ccb9a6a8f1289124244d27913bc67e654c142aba81b87d17c60393360a07f"},
  "bamboo": {:hex, :bamboo, "2.2.0", "f10a406d2b7f5123eb1f02edfa043c259db04b47ab956041f279eaac776ef5ce", [:mix], [{:hackney, ">= 1.15.2", [hex: :hackney, repo: "hexpm", optional: false]}, {:jason, "~> 1.0", [hex: :jason, repo: "hexpm", optional: true]}, {:mime, "~> 1.4", [hex: :mime, repo: "hexpm", optional: false]}, {:plug, "~> 1.0", [hex: :plug, repo: "hexpm", optional: false]}], "hexpm", "8c3b14ba7d2f40cb4be04128ed1e2aff06d91d9413d38bafb4afccffa3ade4fc"},
  "bamboo_phoenix": {:hex, :bamboo_phoenix, "1.0.0", "f3cc591ffb163ed0bf935d256f1f4645cd870cf436545601215745fb9cc9953f", [:mix], [{:bamboo, ">= 2.0.0", [hex: :bamboo, repo: "hexpm", optional: false]}, {:phoenix, ">= 1.3.0", [hex: :phoenix, repo: "hexpm", optional: false]}], "hexpm", "6db88fbb26019c84a47994bb2bd879c0887c29ce6c559bc6385fd54eb8b37dee"},
  "bamboo_smtp": {:hex, :bamboo_smtp, "4.1.0", "ba547be4146ae592f63af05c6c7b7b5195b2b6ca57eeea9d80070b38eacd528b", [:mix], [{:bamboo, "~> 2.2.0", [hex: :bamboo, repo: "hexpm", optional: false]}, {:gen_smtp, "~> 1.1.1", [hex: :gen_smtp, repo: "hexpm", optional: false]}], "hexpm", "cb1a2856ab0507d10df609428314aa5e18231e8b1801a5bc6e42f319eeb50ad9"},
  "bunt": {:hex, :bunt, "0.2.0", "951c6e801e8b1d2cbe58ebbd3e616a869061ddadcc4863d0a2182541acae9a38", [:mix], [], "hexpm", "7af5c7e09fe1d40f76c8e4f9dd2be7cebd83909f31fee7cd0e9eadc567da8353"},
  "castore": {:hex, :castore, "0.1.17", "ba672681de4e51ed8ec1f74ed624d104c0db72742ea1a5e74edbc770c815182f", [:mix], [], "hexpm", "d9844227ed52d26e7519224525cb6868650c272d4a3d327ce3ca5570c12163f9"},
  "certifi": {:hex, :certifi, "2.9.0", "6f2a475689dd47f19fb74334859d460a2dc4e3252a3324bd2111b8f0429e7e21", [:rebar3], [], "hexpm", "266da46bdb06d6c6d35fde799bcb28d36d985d424ad7c08b5bb48f5b5cdd4641"},
  "cmark": {:hex, :cmark, "0.10.0", "51217dc90fec459f34a30ea73345e6a7c1d2f3d618cb4a1738a2ebd0697a57a0", [:make, :mix], [{:elixir_make, "~> 0.6", [hex: :elixir_make, repo: "hexpm", optional: false]}], "hexpm", "00abeadc6f3176e3941853122413082de95d57787777dd0400d64e568acf7c32"},
  "combine": {:hex, :combine, "0.10.0", "eff8224eeb56498a2af13011d142c5e7997a80c8f5b97c499f84c841032e429f", [:mix], [], "hexpm", "1b1dbc1790073076580d0d1d64e42eae2366583e7aecd455d1215b0d16f2451b"},
  "con_cache": {:hex, :con_cache, "1.0.0", "6405e2bd5d5005334af72939432783562a8c35a196c2e63108fe10bb97b366e6", [:mix], [], "hexpm", "4d1f5cb1a67f3c1a468243dc98d10ac83af7f3e33b7e7c15999dc2c9bc0a551e"},
  "connection": {:hex, :connection, "1.1.0", "ff2a49c4b75b6fb3e674bfc5536451607270aac754ffd1bdfe175abe4a6d7a68", [:mix], [], "hexpm", "722c1eb0a418fbe91ba7bd59a47e28008a189d47e37e0e7bb85585a016b2869c"},
  "cowboy": {:hex, :cowboy, "2.9.0", "865dd8b6607e14cf03282e10e934023a1bd8be6f6bacf921a7e2a96d800cd452", [:make, :rebar3], [{:cowlib, "2.11.0", [hex: :cowlib, repo: "hexpm", optional: false]}, {:ranch, "1.8.0", [hex: :ranch, repo: "hexpm", optional: false]}], "hexpm", "2c729f934b4e1aa149aff882f57c6372c15399a20d54f65c8d67bef583021bde"},
  "cowboy_telemetry": {:hex, :cowboy_telemetry, "0.4.0", "f239f68b588efa7707abce16a84d0d2acf3a0f50571f8bb7f56a15865aae820c", [:rebar3], [{:cowboy, "~> 2.7", [hex: :cowboy, repo: "hexpm", optional: false]}, {:telemetry, "~> 1.0", [hex: :telemetry, repo: "hexpm", optional: false]}], "hexpm", "7d98bac1ee4565d31b62d59f8823dfd8356a169e7fcbb83831b8a5397404c9de"},
  "cowlib": {:hex, :cowlib, "2.11.0", "0b9ff9c346629256c42ebe1eeb769a83c6cb771a6ee5960bd110ab0b9b872063", [:make, :rebar3], [], "hexpm", "2b3e9da0b21c4565751a6d4901c20d1b4cc25cbb7fd50d91d2ab6dd287bc86a9"},
  "credo": {:hex, :credo, "1.6.4", "ddd474afb6e8c240313f3a7b0d025cc3213f0d171879429bf8535d7021d9ad78", [:mix], [{:bunt, "~> 0.2.0", [hex: :bunt, repo: "hexpm", optional: false]}, {:file_system, "~> 0.2.8", [hex: :file_system, repo: "hexpm", optional: false]}, {:jason, "~> 1.0", [hex: :jason, repo: "hexpm", optional: false]}], "hexpm", "c28f910b61e1ff829bffa056ef7293a8db50e87f2c57a9b5c3f57eee124536b7"},
  "db_connection": {:hex, :db_connection, "2.4.2", "f92e79aff2375299a16bcb069a14ee8615c3414863a6fef93156aee8e86c2ff3", [:mix], [{:connection, "~> 1.0", [hex: :connection, repo: "hexpm", optional: false]}, {:telemetry, "~> 0.4 or ~> 1.0", [hex: :telemetry, repo: "hexpm", optional: false]}], "hexpm", "4fe53ca91b99f55ea249693a0229356a08f4d1a7931d8ffa79289b145fe83668"},
  "decimal": {:hex, :decimal, "2.0.0", "a78296e617b0f5dd4c6caf57c714431347912ffb1d0842e998e9792b5642d697", [:mix], [], "hexpm", "34666e9c55dea81013e77d9d87370fe6cb6291d1ef32f46a1600230b1d44f577"},
  "ecto": {:hex, :ecto, "3.8.2", "7b9aca632f9da80ffed525354e4de466a66e042abcbc8509b6b600072c8d8ee0", [:mix], [{:decimal, "~> 1.6 or ~> 2.0", [hex: :decimal, repo: "hexpm", optional: false]}, {:jason, "~> 1.0", [hex: :jason, repo: "hexpm", optional: true]}, {:telemetry, "~> 0.4 or ~> 1.0", [hex: :telemetry, repo: "hexpm", optional: false]}], "hexpm", "afe2912cc23f61a6a8466c158331d54e0f427029dd97ca936644bc116d6599b3"},
  "ecto_enum": {:hex, :ecto_enum, "1.4.0", "d14b00e04b974afc69c251632d1e49594d899067ee2b376277efd8233027aec8", [:mix], [{:ecto, ">= 3.0.0", [hex: :ecto, repo: "hexpm", optional: false]}, {:ecto_sql, "> 3.0.0", [hex: :ecto_sql, repo: "hexpm", optional: false]}, {:mariaex, ">= 0.0.0", [hex: :mariaex, repo: "hexpm", optional: true]}, {:postgrex, ">= 0.0.0", [hex: :postgrex, repo: "hexpm", optional: true]}], "hexpm", "8fb55c087181c2b15eee406519dc22578fa60dd82c088be376d0010172764ee4"},
  "ecto_sql": {:hex, :ecto_sql, "3.8.1", "1acaaba32ca0551fd19e492fc7c80414e72fc1a7140fc9395aaa53c2e8629798", [:mix], [{:db_connection, "~> 2.5 or ~> 2.4.1", [hex: :db_connection, repo: "hexpm", optional: false]}, {:ecto, "~> 3.8.1", [hex: :ecto, repo: "hexpm", optional: false]}, {:myxql, "~> 0.6.0", [hex: :myxql, repo: "hexpm", optional: true]}, {:postgrex, "~> 0.15.0 or ~> 0.16.0 or ~> 1.0", [hex: :postgrex, repo: "hexpm", optional: true]}, {:tds, "~> 2.1.1 or ~> 2.2", [hex: :tds, repo: "hexpm", optional: true]}, {:telemetry, "~> 0.4.0 or ~> 1.0", [hex: :telemetry, repo: "hexpm", optional: false]}], "hexpm", "ba7fc75882edce6f2ceca047315d5db27ead773cafea47f1724e35f1e7964525"},
  "elixir_make": {:hex, :elixir_make, "0.6.2", "7dffacd77dec4c37b39af867cedaabb0b59f6a871f89722c25b28fcd4bd70530", [:mix], [], "hexpm", "03e49eadda22526a7e5279d53321d1cced6552f344ba4e03e619063de75348d9"},
  "ex_aws": {:hex, :ex_aws, "2.3.1", "32e1addc83ef428927dfa2c857259c5ec700872644976b93a3c5743c60d22a26", [:mix], [{:configparser_ex, "~> 4.0", [hex: :configparser_ex, repo: "hexpm", optional: true]}, {:hackney, "~> 1.16", [hex: :hackney, repo: "hexpm", optional: true]}, {:jason, "~> 1.1", [hex: :jason, repo: "hexpm", optional: true]}, {:jsx, "~> 2.8 or ~> 3.0", [hex: :jsx, repo: "hexpm", optional: true]}, {:mime, "~> 1.2 or ~> 2.0", [hex: :mime, repo: "hexpm", optional: false]}, {:sweet_xml, "~> 0.7", [hex: :sweet_xml, repo: "hexpm", optional: true]}, {:telemetry, "~> 0.4.3 or ~> 1.0", [hex: :telemetry, repo: "hexpm", optional: false]}], "hexpm", "90a024906b9100b036ec611b6fc7df85fd89e4af4de221ee042098819e277e88"},
  "ex_aws_s3": {:hex, :ex_aws_s3, "2.3.2", "92a63b72d763b488510626d528775b26831f5c82b066a63a3128054b7a09de28", [:mix], [{:ex_aws, "~> 2.0", [hex: :ex_aws, repo: "hexpm", optional: false]}, {:sweet_xml, ">= 0.0.0", [hex: :sweet_xml, repo: "hexpm", optional: true]}], "hexpm", "b235b27131409bcc293c343bf39f1fbdd32892aa237b3f13752e914dc2979960"},
  "ex_machina": {:hex, :ex_machina, "2.7.0", "b792cc3127fd0680fecdb6299235b4727a4944a09ff0fa904cc639272cd92dc7", [:mix], [{:ecto, "~> 2.2 or ~> 3.0", [hex: :ecto, repo: "hexpm", optional: true]}, {:ecto_sql, "~> 3.0", [hex: :ecto_sql, repo: "hexpm", optional: true]}], "hexpm", "419aa7a39bde11894c87a615c4ecaa52d8f107bbdd81d810465186f783245bf8"},
  "excoveralls": {:hex, :excoveralls, "0.14.4", "295498f1ae47bdc6dce59af9a585c381e1aefc63298d48172efaaa90c3d251db", [:mix], [{:hackney, "~> 1.16", [hex: :hackney, repo: "hexpm", optional: false]}, {:jason, "~> 1.0", [hex: :jason, repo: "hexpm", optional: false]}], "hexpm", "e3ab02f2df4c1c7a519728a6f0a747e71d7d6e846020aae338173619217931c1"},
  "file_system": {:hex, :file_system, "0.2.10", "fb082005a9cd1711c05b5248710f8826b02d7d1784e7c3451f9c1231d4fc162d", [:mix], [], "hexpm", "41195edbfb562a593726eda3b3e8b103a309b733ad25f3d642ba49696bf715dc"},
  "finch": {:hex, :finch, "0.10.2", "9ad27d68270d879f73f26604bb2e573d40f29bf0e907064a9a337f90a16a0312", [:mix], [{:castore, "~> 0.1", [hex: :castore, repo: "hexpm", optional: false]}, {:mint, "~> 1.3", [hex: :mint, repo: "hexpm", optional: false]}, {:nimble_options, "~> 0.4.0", [hex: :nimble_options, repo: "hexpm", optional: false]}, {:nimble_pool, "~> 0.2", [hex: :nimble_pool, repo: "hexpm", optional: false]}, {:telemetry, "~> 0.4 or ~> 1.0", [hex: :telemetry, repo: "hexpm", optional: false]}], "hexpm", "dd8b11b282072cec2ef30852283949c248bd5d2820c88d8acc89402b81db7550"},
  "floki": {:hex, :floki, "0.32.1", "dfe3b8db3b793939c264e6f785bca01753d17318d144bd44b407fb3493acaa87", [:mix], [{:html_entities, "~> 0.5.0", [hex: :html_entities, repo: "hexpm", optional: false]}], "hexpm", "d4b91c713e4a784a3f7b1e3cc016eefc619f6b1c3898464222867cafd3c681a3"},
  "gen_smtp": {:hex, :gen_smtp, "1.1.1", "bf9303c31735100631b1d708d629e4c65944319d1143b5c9952054f4a1311d85", [:rebar3], [{:hut, "1.3.0", [hex: :hut, repo: "hexpm", optional: false]}, {:ranch, ">= 1.7.0", [hex: :ranch, repo: "hexpm", optional: false]}], "hexpm", "51bc50cc017efd4a4248cbc39ea30fb60efa7d4a49688986fafad84434ff9ab7"},
  "gettext": {:hex, :gettext, "0.19.1", "564953fd21f29358e68b91634799d9d26989f8d039d7512622efb3c3b1c97892", [:mix], [], "hexpm", "10c656c0912b8299adba9b061c06947511e3f109ab0d18b44a866a4498e77222"},
  "hackney": {:hex, :hackney, "1.18.1", "f48bf88f521f2a229fc7bae88cf4f85adc9cd9bcf23b5dc8eb6a1788c662c4f6", [:rebar3], [{:certifi, "~>2.9.0", [hex: :certifi, repo: "hexpm", optional: false]}, {:idna, "~>6.1.0", [hex: :idna, repo: "hexpm", optional: false]}, {:metrics, "~>1.0.0", [hex: :metrics, repo: "hexpm", optional: false]}, {:mimerl, "~>1.1", [hex: :mimerl, repo: "hexpm", optional: false]}, {:parse_trans, "3.3.1", [hex: :parse_trans, repo: "hexpm", optional: false]}, {:ssl_verify_fun, "~>1.1.0", [hex: :ssl_verify_fun, repo: "hexpm", optional: false]}, {:unicode_util_compat, "~>0.7.0", [hex: :unicode_util_compat, repo: "hexpm", optional: false]}], "hexpm", "a4ecdaff44297e9b5894ae499e9a070ea1888c84afdd1fd9b7b2bc384950128e"},
  "hashids": {:hex, :hashids, "2.0.5", "d9839924c8221b954da8b110eda3e59c2c03df0389bac6e7d0e535f937033df1", [:mix], [], "hexpm", "ef47d8679f20d7bea59d0d49c202258c89f61b9b741bd3dceef2c1985cf95554"},
  "hpax": {:hex, :hpax, "0.1.1", "2396c313683ada39e98c20a75a82911592b47e5c24391363343bde74f82396ca", [:mix], [], "hexpm", "0ae7d5a0b04a8a60caf7a39fcf3ec476f35cc2cc16c05abea730d3ce6ac6c826"},
  "html_entities": {:hex, :html_entities, "0.5.2", "9e47e70598da7de2a9ff6af8758399251db6dbb7eebe2b013f2bbd2515895c3c", [:mix], [], "hexpm", "c53ba390403485615623b9531e97696f076ed415e8d8058b1dbaa28181f4fdcc"},
  "html_sanitize_ex": {:hex, :html_sanitize_ex, "1.4.2", "c479398b6de798c03eb5d04a0a9a9159d73508f83f6590a00b8eacba3619cf4c", [:mix], [{:mochiweb, "~> 2.15", [hex: :mochiweb, repo: "hexpm", optional: false]}], "hexpm", "aef6c28585d06a9109ad591507e508854c5559561f950bbaea773900dd369b0e"},
  "html_to_image": {:hex, :html_to_image, "0.1.3", "5e71ce176613458485ddd4dcd49f40d37085bb12a9b53df22036ceb27ec3ce40", [:mix], [{:porcelain, "~> 2.0", [hex: :porcelain, repo: "hexpm", optional: false]}], "hexpm", "3caf46507b11a396c39c868de1475d4ef74e0633f8b3ee0acb9ee4e214b25827"},
  "httpoison": {:hex, :httpoison, "1.8.1", "df030d96de89dad2e9983f92b0c506a642d4b1f4a819c96ff77d12796189c63e", [:mix], [{:hackney, "~> 1.17", [hex: :hackney, repo: "hexpm", optional: false]}], "hexpm", "35156a6d678d6d516b9229e208942c405cf21232edd632327ecfaf4fd03e79e0"},
  "hut": {:hex, :hut, "1.3.0", "71f2f054e657c03f959cf1acc43f436ea87580696528ca2a55c8afb1b06c85e7", [:"erlang.mk", :rebar, :rebar3], [], "hexpm", "7e15d28555d8a1f2b5a3a931ec120af0753e4853a4c66053db354f35bf9ab563"},
  "icalendar": {:hex, :icalendar, "1.1.2", "5d0afff5d0143c5bd43f18ae32a777bf0fb9a724543ab05229a460d368f0a5e7", [:mix], [{:timex, "~> 3.4", [hex: :timex, repo: "hexpm", optional: false]}], "hexpm", "2060f8e353fdf3047e95a3f012583dc3c0bbd7ca1010e32ed9e9fc5760ad4292"},
  "idna": {:hex, :idna, "6.1.1", "8a63070e9f7d0c62eb9d9fcb360a7de382448200fbbd1b106cc96d3d8099df8d", [:rebar3], [{:unicode_util_compat, "~>0.7.0", [hex: :unicode_util_compat, repo: "hexpm", optional: false]}], "hexpm", "92376eb7894412ed19ac475e4a86f7b413c1b9fbb5bd16dccd57934157944cea"},
  "jason": {:hex, :jason, "1.3.0", "fa6b82a934feb176263ad2df0dbd91bf633d4a46ebfdffea0c8ae82953714946", [:mix], [{:decimal, "~> 1.0 or ~> 2.0", [hex: :decimal, repo: "hexpm", optional: true]}], "hexpm", "53fc1f51255390e0ec7e50f9cb41e751c260d065dcba2bf0d08dc51a4002c2ac"},
  "meck": {:hex, :meck, "0.9.2", "85ccbab053f1db86c7ca240e9fc718170ee5bda03810a6292b5306bf31bae5f5", [:rebar3], [], "hexpm", "81344f561357dc40a8344afa53767c32669153355b626ea9fcbc8da6b3045826"},
  "metrics": {:hex, :metrics, "1.0.1", "25f094dea2cda98213cecc3aeff09e940299d950904393b2a29d191c346a8486", [:rebar3], [], "hexpm", "69b09adddc4f74a40716ae54d140f93beb0fb8978d8636eaded0c31b6f099f16"},
  "mime": {:hex, :mime, "1.6.0", "dabde576a497cef4bbdd60aceee8160e02a6c89250d6c0b29e56c0dfb00db3d2", [:mix], [], "hexpm", "31a1a8613f8321143dde1dafc36006a17d28d02bdfecb9e95a880fa7aabd19a7"},
  "mimerl": {:hex, :mimerl, "1.2.0", "67e2d3f571088d5cfd3e550c383094b47159f3eee8ffa08e64106cdf5e981be3", [:rebar3], [], "hexpm", "f278585650aa581986264638ebf698f8bb19df297f66ad91b18910dfc6e19323"},
  "mint": {:hex, :mint, "1.4.1", "49b3b6ea35a9a38836d2ad745251b01ca9ec062f7cb66f546bf22e6699137126", [:mix], [{:castore, "~> 0.1.0", [hex: :castore, repo: "hexpm", optional: true]}, {:hpax, "~> 0.1.1", [hex: :hpax, repo: "hexpm", optional: false]}], "hexpm", "cd261766e61011a9079cccf8fa9d826e7a397c24fbedf0e11b49312bea629b58"},
  "mochiweb": {:hex, :mochiweb, "2.22.0", "f104d6747c01a330c38613561977e565b788b9170055c5241ac9dd6e4617cba5", [:rebar3], [], "hexpm", "cbbd1fd315d283c576d1c8a13e0738f6dafb63dc840611249608697502a07655"},
  "mock": {:hex, :mock, "0.3.7", "75b3bbf1466d7e486ea2052a73c6e062c6256fb429d6797999ab02fa32f29e03", [:mix], [{:meck, "~> 0.9.2", [hex: :meck, repo: "hexpm", optional: false]}], "hexpm", "4da49a4609e41fd99b7836945c26f373623ea968cfb6282742bcb94440cf7e5c"},
  "nimble_csv": {:hex, :nimble_csv, "1.2.0", "4e26385d260c61eba9d4412c71cea34421f296d5353f914afe3f2e71cce97722", [:mix], [], "hexpm", "d0628117fcc2148178b034044c55359b26966c6eaa8e2ce15777be3bbc91b12a"},
  "nimble_options": {:hex, :nimble_options, "0.4.0", "c89babbab52221a24b8d1ff9e7d838be70f0d871be823165c94dd3418eea728f", [:mix], [], "hexpm", "e6701c1af326a11eea9634a3b1c62b475339ace9456c1a23ec3bc9a847bca02d"},
  "nimble_pool": {:hex, :nimble_pool, "0.2.6", "91f2f4c357da4c4a0a548286c84a3a28004f68f05609b4534526871a22053cde", [:mix], [], "hexpm", "1c715055095d3f2705c4e236c18b618420a35490da94149ff8b580a2144f653f"},
  "oauth": {:git, "https://github.com/tim/erlang-oauth.git", "bd19896e31125f99ff45bb5850b1c0e74b996743", []},
  "oauth2": {:hex, :oauth2, "2.0.0", "338382079fe16c514420fa218b0903f8ad2d4bfc0ad0c9f988867dfa246731b0", [:mix], [{:hackney, "~> 1.13", [hex: :hackney, repo: "hexpm", optional: false]}], "hexpm", "881b8364ac7385f9fddc7949379cbe3f7081da37233a1aa7aab844670a91e7e7"},
  "oauther": {:hex, :oauther, "1.3.0", "82b399607f0ca9d01c640438b34d74ebd9e4acd716508f868e864537ecdb1f76", [:mix], [], "hexpm", "78eb888ea875c72ca27b0864a6f550bc6ee84f2eeca37b093d3d833fbcaec04e"},
  "oban": {:hex, :oban, "2.12.0", "bd5a283770c6ab1284aad81e5566cfb89f4119b08f52508d92d73551283c8789", [:mix], [{:ecto_sql, "~> 3.6", [hex: :ecto_sql, repo: "hexpm", optional: false]}, {:jason, "~> 1.1", [hex: :jason, repo: "hexpm", optional: false]}, {:postgrex, "~> 0.16", [hex: :postgrex, repo: "hexpm", optional: false]}, {:telemetry, "~> 0.4 or ~> 1.0", [hex: :telemetry, repo: "hexpm", optional: false]}], "hexpm", "1557b7b046b13c0b5360f55a9fb7e56975f6b5f8247e56f2c54575bd95435ca0"},
  "parse_trans": {:hex, :parse_trans, "3.3.1", "16328ab840cc09919bd10dab29e431da3af9e9e7e7e6f0089dd5a2d2820011d8", [:rebar3], [], "hexpm", "07cd9577885f56362d414e8c4c4e6bdf10d43a8767abb92d24cbe8b24c54888b"},
  "phoenix": {:hex, :phoenix, "1.6.8", "9a34e5f4dd3ba959176c199fd5b2277b02e64005462428b71cf6ce9cb5e09cb4", [:mix], [{:jason, "~> 1.0", [hex: :jason, repo: "hexpm", optional: true]}, {:phoenix_pubsub, "~> 2.0", [hex: :phoenix_pubsub, repo: "hexpm", optional: false]}, {:phoenix_view, "~> 1.0", [hex: :phoenix_view, repo: "hexpm", optional: false]}, {:plug, "~> 1.10", [hex: :plug, repo: "hexpm", optional: false]}, {:plug_cowboy, "~> 2.2", [hex: :plug_cowboy, repo: "hexpm", optional: true]}, {:plug_crypto, "~> 1.2", [hex: :plug_crypto, repo: "hexpm", optional: false]}, {:telemetry, "~> 0.4 or ~> 1.0", [hex: :telemetry, repo: "hexpm", optional: false]}], "hexpm", "9f4d616aeb9c5e019bddfc1f9078b8c06f852ffa838e67f925559cc0993e9f71"},
  "phoenix_ecto": {:hex, :phoenix_ecto, "4.4.0", "0672ed4e4808b3fbed494dded89958e22fb882de47a97634c0b13e7b0b5f7720", [:mix], [{:ecto, "~> 3.3", [hex: :ecto, repo: "hexpm", optional: false]}, {:phoenix_html, "~> 2.14.2 or ~> 3.0", [hex: :phoenix_html, repo: "hexpm", optional: true]}, {:plug, "~> 1.9", [hex: :plug, repo: "hexpm", optional: false]}], "hexpm", "09864e558ed31ee00bd48fcc1d4fc58ae9678c9e81649075431e69dbabb43cc1"},
  "phoenix_html": {:hex, :phoenix_html, "3.2.0", "1c1219d4b6cb22ac72f12f73dc5fad6c7563104d083f711c3fcd8551a1f4ae11", [:mix], [{:plug, "~> 1.5", [hex: :plug, repo: "hexpm", optional: true]}], "hexpm", "36ec97ba56d25c0136ef1992c37957e4246b649d620958a1f9fa86165f8bc54f"},
  "phoenix_live_reload": {:hex, :phoenix_live_reload, "1.3.3", "3a53772a6118d5679bf50fc1670505a290e32a1d195df9e069d8c53ab040c054", [:mix], [{:file_system, "~> 0.2.1 or ~> 0.3", [hex: :file_system, repo: "hexpm", optional: false]}, {:phoenix, "~> 1.4", [hex: :phoenix, repo: "hexpm", optional: false]}], "hexpm", "766796676e5f558dbae5d1bdb066849673e956005e3730dfd5affd7a6da4abac"},
  "phoenix_pubsub": {:hex, :phoenix_pubsub, "2.1.1", "ba04e489ef03763bf28a17eb2eaddc2c20c6d217e2150a61e3298b0f4c2012b5", [:mix], [], "hexpm", "81367c6d1eea5878ad726be80808eb5a787a23dee699f96e72b1109c57cdd8d9"},
  "phoenix_view": {:hex, :phoenix_view, "1.1.2", "1b82764a065fb41051637872c7bd07ed2fdb6f5c3bd89684d4dca6e10115c95a", [:mix], [{:phoenix_html, "~> 2.14.2 or ~> 3.0", [hex: :phoenix_html, repo: "hexpm", optional: true]}], "hexpm", "7ae90ad27b09091266f6adbb61e1d2516a7c3d7062c6789d46a7554ec40f3a56"},
  "plug": {:hex, :plug, "1.13.6", "187beb6b67c6cec50503e940f0434ea4692b19384d47e5fdfd701e93cadb4cc2", [:mix], [{:mime, "~> 1.0 or ~> 2.0", [hex: :mime, repo: "hexpm", optional: false]}, {:plug_crypto, "~> 1.1.1 or ~> 1.2", [hex: :plug_crypto, repo: "hexpm", optional: false]}, {:telemetry, "~> 0.4.3 or ~> 1.0", [hex: :telemetry, repo: "hexpm", optional: false]}], "hexpm", "02b9c6b9955bce92c829f31d6284bf53c591ca63c4fb9ff81dfd0418667a34ff"},
  "plug_cowboy": {:hex, :plug_cowboy, "2.5.2", "62894ccd601cf9597e2c23911ff12798a8a18d237e9739f58a6b04e4988899fe", [:mix], [{:cowboy, "~> 2.7", [hex: :cowboy, repo: "hexpm", optional: false]}, {:cowboy_telemetry, "~> 0.3", [hex: :cowboy_telemetry, repo: "hexpm", optional: false]}, {:plug, "~> 1.7", [hex: :plug, repo: "hexpm", optional: false]}], "hexpm", "ea6e87f774c8608d60c8d34022a7d073bd7680a0a013f049fc62bf35efea1044"},
  "plug_crypto": {:hex, :plug_crypto, "1.2.2", "05654514ac717ff3a1843204b424477d9e60c143406aa94daf2274fdd280794d", [:mix], [], "hexpm", "87631c7ad914a5a445f0a3809f99b079113ae4ed4b867348dd9eec288cecb6db"},
  "poison": {:hex, :poison, "3.1.0", "d9eb636610e096f86f25d9a46f35a9facac35609a7591b3be3326e99a0484665", [:mix], [], "hexpm", "fec8660eb7733ee4117b85f55799fd3833eb769a6df71ccf8903e8dc5447cfce"},
  "porcelain": {:hex, :porcelain, "2.0.3", "2d77b17d1f21fed875b8c5ecba72a01533db2013bd2e5e62c6d286c029150fdc", [:mix], [], "hexpm", "dc996ab8fadbc09912c787c7ab8673065e50ea1a6245177b0c24569013d23620"},
  "postgrex": {:hex, :postgrex, "0.16.3", "fac79a81a9a234b11c44235a4494d8565303fa4b9147acf57e48978a074971db", [:mix], [{:connection, "~> 1.1", [hex: :connection, repo: "hexpm", optional: false]}, {:db_connection, "~> 2.1", [hex: :db_connection, repo: "hexpm", optional: false]}, {:decimal, "~> 1.5 or ~> 2.0", [hex: :decimal, repo: "hexpm", optional: false]}, {:jason, "~> 1.0", [hex: :jason, repo: "hexpm", optional: true]}, {:table, "~> 0.1.0", [hex: :table, repo: "hexpm", optional: true]}], "hexpm", "aeaae1d2d1322da4e5fe90d241b0a564ce03a3add09d7270fb85362166194590"},
  "prom_ex": {:hex, :prom_ex, "1.7.1", "39331ee3fe6f9a8587d8208bf9274a253bb80281700e127dd18786cda5e08c37", [:mix], [{:absinthe, ">= 1.6.0", [hex: :absinthe, repo: "hexpm", optional: true]}, {:broadway, ">= 1.0.2", [hex: :broadway, repo: "hexpm", optional: true]}, {:ecto, ">= 3.5.0", [hex: :ecto, repo: "hexpm", optional: true]}, {:finch, "~> 0.10.2", [hex: :finch, repo: "hexpm", optional: false]}, {:jason, "~> 1.2", [hex: :jason, repo: "hexpm", optional: false]}, {:oban, ">= 2.4.0", [hex: :oban, repo: "hexpm", optional: true]}, {:phoenix, ">= 1.5.0", [hex: :phoenix, repo: "hexpm", optional: true]}, {:phoenix_live_view, ">= 0.14.0", [hex: :phoenix_live_view, repo: "hexpm", optional: true]}, {:plug, ">= 1.12.1", [hex: :plug, repo: "hexpm", optional: true]}, {:plug_cowboy, "~> 2.5.1", [hex: :plug_cowboy, repo: "hexpm", optional: false]}, {:telemetry, "~> 1.0.0", [hex: :telemetry, repo: "hexpm", optional: false]}, {:telemetry_metrics, "~> 0.6.1", [hex: :telemetry_metrics, repo: "hexpm", optional: false]}, {:telemetry_metrics_prometheus_core, "~> 1.0.2", [hex: :telemetry_metrics_prometheus_core, repo: "hexpm", optional: false]}, {:telemetry_poller, "~> 1.0.0", [hex: :telemetry_poller, repo: "hexpm", optional: false]}], "hexpm", "4c978872b88a929833925a0f4d0561824804c671fdd04581e765509ed0a6ed08"},
  "ranch": {:hex, :ranch, "1.8.0", "8c7a100a139fd57f17327b6413e4167ac559fbc04ca7448e9be9057311597a1d", [:make, :rebar3], [], "hexpm", "49fbcfd3682fab1f5d109351b61257676da1a2fdbe295904176d5e521a2ddfe5"},
  "scrivener": {:hex, :scrivener, "2.7.0", "fa94cdea21fad0649921d8066b1833d18d296217bfdf4a5389a2f45ee857b773", [:mix], [], "hexpm", "30da36a427f2519cf75993271fb7c5aad1759682a70f90d880a85c3d743d2c57"},
  "scrivener_ecto": {:hex, :scrivener_ecto, "2.7.0", "cf64b8cb8a96cd131cdbcecf64e7fd395e21aaa1cb0236c42a7c2e34b0dca580", [:mix], [{:ecto, "~> 3.3", [hex: :ecto, repo: "hexpm", optional: false]}, {:scrivener, "~> 2.4", [hex: :scrivener, repo: "hexpm", optional: false]}], "hexpm", "e809f171687806b0031129034352f5ae44849720c48dd839200adeaf0ac3e260"},
  "scrivener_html": {:git, "https://github.com/jerodsanto/scrivener_html.git", "323aefac949c2e729061df7acc1d9d05bf314465", [branch: "phx-1-6"]},
  "sentry": {:hex, :sentry, "8.0.6", "c8de1bf0523bc120ec37d596c55260901029ecb0994e7075b0973328779ceef7", [:mix], [{:hackney, "~> 1.8", [hex: :hackney, repo: "hexpm", optional: true]}, {:jason, "~> 1.1", [hex: :jason, repo: "hexpm", optional: true]}, {:plug, "~> 1.6", [hex: :plug, repo: "hexpm", optional: true]}, {:plug_cowboy, "~> 2.3", [hex: :plug_cowboy, repo: "hexpm", optional: true]}], "hexpm", "051a2d0472162f3137787c7c9d6e6e4ef239de9329c8c45b1f1bf1e9379e1883"},
  "shopify": {:hex, :shopify, "0.4.0", "bb53bba95d56a047c5cd4b1a794ef1b6408fb71268d1782bb42e7af15f25a546", [:mix], [{:httpoison, "~> 1.0", [hex: :httpoison, repo: "hexpm", optional: false]}, {:poison, "~> 3.0", [hex: :poison, repo: "hexpm", optional: false]}], "hexpm", "7c98d571a58c031e8540416140f3d5ad5b161ee93f45b82ecefa13e27065ae6d"},
  "ssl_verify_fun": {:hex, :ssl_verify_fun, "1.1.6", "cf344f5692c82d2cd7554f5ec8fd961548d4fd09e7d22f5b62482e5aeaebd4b0", [:make, :mix, :rebar3], [], "hexpm", "bdb0d2471f453c88ff3908e7686f86f9be327d065cc1ec16fa4540197ea04680"},
  "sweet_xml": {:hex, :sweet_xml, "0.7.3", "debb256781c75ff6a8c5cbf7981146312b66f044a2898f453709a53e5031b45b", [:mix], [], "hexpm", "e110c867a1b3fe74bfc7dd9893aa851f0eed5518d0d7cad76d7baafd30e4f5ba"},
  "telemetry": {:hex, :telemetry, "1.0.0", "0f453a102cdf13d506b7c0ab158324c337c41f1cc7548f0bc0e130bbf0ae9452", [:rebar3], [], "hexpm", "73bc09fa59b4a0284efb4624335583c528e07ec9ae76aca96ea0673850aec57a"},
  "telemetry_metrics": {:hex, :telemetry_metrics, "0.6.1", "315d9163a1d4660aedc3fee73f33f1d355dcc76c5c3ab3d59e76e3edf80eef1f", [:mix], [{:telemetry, "~> 0.4 or ~> 1.0", [hex: :telemetry, repo: "hexpm", optional: false]}], "hexpm", "7be9e0871c41732c233be71e4be11b96e56177bf15dde64a8ac9ce72ac9834c6"},
  "telemetry_metrics_prometheus_core": {:hex, :telemetry_metrics_prometheus_core, "1.0.2", "c98b1c580de637bfeac00db41b9fb91fb4c3548ee3d512a8ed7299172312eaf3", [:mix], [{:telemetry, "~> 0.4 or ~> 1.0.0", [hex: :telemetry, repo: "hexpm", optional: false]}, {:telemetry_metrics, "~> 0.6", [hex: :telemetry_metrics, repo: "hexpm", optional: false]}], "hexpm", "48351a0d56f80e38c997b44232b1043e0a081670d16766eee920e6254175b730"},
  "telemetry_poller": {:hex, :telemetry_poller, "1.0.0", "db91bb424e07f2bb6e73926fcafbfcbcb295f0193e0a00e825e589a0a47e8453", [:rebar3], [{:telemetry, "~> 1.0", [hex: :telemetry, repo: "hexpm", optional: false]}], "hexpm", "b3a24eafd66c3f42da30fc3ca7dda1e9d546c12250a2d60d7b81d264fbec4f6e"},
  "timex": {:hex, :timex, "3.7.8", "0e6e8bf7c0aba95f1e13204889b2446e7a5297b1c8e408f15ab58b2c8dc85f81", [:mix], [{:combine, "~> 0.10", [hex: :combine, repo: "hexpm", optional: false]}, {:gettext, "~> 0.10", [hex: :gettext, repo: "hexpm", optional: false]}, {:tzdata, "~> 1.1", [hex: :tzdata, repo: "hexpm", optional: false]}], "hexpm", "8f3b8edc5faab5205d69e5255a1d64a83b190bab7f16baa78aefcb897cf81435"},
  "tzdata": {:hex, :tzdata, "1.1.1", "20c8043476dfda8504952d00adac41c6eda23912278add38edc140ae0c5bcc46", [:mix], [{:hackney, "~> 1.17", [hex: :hackney, repo: "hexpm", optional: false]}], "hexpm", "a69cec8352eafcd2e198dea28a34113b60fdc6cb57eb5ad65c10292a6ba89787"},
  "ueberauth": {:git, "https://github.com/thechangelog/ueberauth.git", "8e13daf165ce0d89c76d9f2a6ae70b52511c3ee7", [branch: "forwarded-host"]},
  "ueberauth_auth": {:git, "https://github.com/thechangelog/ueberauth.git", "8e13daf165ce0d89c76d9f2a6ae70b52511c3ee7", [branch: "forwarded-host"]},
  "ueberauth_github": {:hex, :ueberauth_github, "0.8.1", "0be487b5afc29bc805fa5e31636f37c8f09d5159ef73fc08c4c7a98c9cfe2c18", [:mix], [{:oauth2, "~> 1.0 or ~> 2.0", [hex: :oauth2, repo: "hexpm", optional: false]}, {:ueberauth, "~> 0.7.0", [hex: :ueberauth, repo: "hexpm", optional: false]}], "hexpm", "143d6130b945ea9bdbd0ef94987f40788f1d7e8090decbfc0722773155e7a74a"},
  "ueberauth_twitter": {:hex, :ueberauth_twitter, "0.4.1", "92f88b1ad50322cdda719b439bb7f93b225dc0315723117bc25c782e627c8f33", [:mix], [{:httpoison, "~> 1.0", [hex: :httpoison, repo: "hexpm", optional: false]}, {:oauther, "~> 1.1", [hex: :oauther, repo: "hexpm", optional: false]}, {:ueberauth, "~> 0.7", [hex: :ueberauth, repo: "hexpm", optional: false]}], "hexpm", "83ca8ea3e1a3f976f1adbebfb323b9ebf53af453fbbf57d0486801a303b16065"},
  "unicode_util_compat": {:hex, :unicode_util_compat, "0.7.0", "bc84380c9ab48177092f43ac89e4dfa2c6d62b40b8bd132b1059ecc7232f9a78", [:rebar3], [], "hexpm", "25eee6d67df61960cf6a794239566599b09e17e668d3700247bc498638152521"},
  "unplug": {:hex, :unplug, "1.0.0", "8ec2479de0baa9a6283c04a1cc616c5ca6c5b80b8ff1d857481bb2943368dbbc", [:mix], [{:plug, "~> 1.8", [hex: :plug, repo: "hexpm", optional: false]}], "hexpm", "d171a85758aa412d4e85b809c203e1b1c4c76a4d6ab58e68dc9a8a8acd9b7c3a"},
  "user_agent_parser": {:hex, :user_agent_parser, "1.0.1", "ea4e9dd99f59628b46082eb7fe3738d2e4e2e027a5ab6301fbc23b582886f67e", [:mix], [], "hexpm", "ba049dfe5d9c611a0ba3ac13c9ef0d17ea49e8bdfab68c54e7415423f32aa74f"},
  "waffle": {:hex, :waffle, "1.1.6", "e944b31f8a3f3b15b8ce5c6ca315cecbcbfab354c2bb83f5980c79728cf422c0", [:mix], [{:ex_aws, "~> 2.1", [hex: :ex_aws, repo: "hexpm", optional: true]}, {:ex_aws_s3, "~> 2.1", [hex: :ex_aws_s3, repo: "hexpm", optional: true]}, {:hackney, "~> 1.9", [hex: :hackney, repo: "hexpm", optional: false]}, {:sweet_xml, "~> 0.6", [hex: :sweet_xml, repo: "hexpm", optional: true]}], "hexpm", "deecbf205acc5b6d0bc23d3813fa384486606a50d82b803edbd29e2a46258d4d"},
  "waffle_ecto": {:hex, :waffle_ecto, "0.0.11", "3d9581b3dfc83964ad968ef6bbf31132b5e6959c542a74c49e2a2245a9521048", [:mix], [{:ecto, "~> 3.0", [hex: :ecto, repo: "hexpm", optional: false]}, {:waffle, "~> 1.0", [hex: :waffle, repo: "hexpm", optional: false]}], "hexpm", "626c2832ba94e20840532e609d3af70526d18ff9dfe1b352afb3fbabedb31a7e"},
}
