{
  "lockfileVersion": 1,
  "dependencies": {
    "popper.js": {
      "version": "1.12.5",
      "resolved": "https://registry.npmjs.org/popper.js/-/popper.js-1.12.5.tgz",
      "integrity": "sha512-6R2eXIy1xYukMNutoD+y/Gj0IpjEQhivyZonm5Vz0Fp8jdc7kvheKCvpM/t+PxqKb7VbLVnvPVEdTyslEb7f6w=="
    },
    "tooltip.js": {
      "version": "1.1.5",
      "resolved": "https://registry.npmjs.org/tooltip.js/-/tooltip.js-1.1.5.tgz",
      "integrity": "sha1-dAcDx8ClL/cr064+eMEqhgmZenE="
    }
  }
}
